# This file is automatically @generated by Cargo.
# It is not intended for manual editing.
version = 3

[[package]]
name = "anyhow"
version = "1.0.93"
source = "registry+https://github.com/rust-lang/crates.io-index"
checksum = "4c95c10ba0b00a02636238b814946408b1322d5ac4760326e6fb8ec956d85775"

[[package]]
name = "aoc"
version = "0.1.0"
dependencies = [
 "anyhow",
 "rustc-hash",
]

[[package]]
name = "rustc-hash"
version = "2.1.0"
source = "registry+https://github.com/rust-lang/crates.io-index"
checksum = "c7fb8039b3032c191086b10f11f319a6e99e1e82889c5cc6046f515c9db1d497"
