# This file is automatically @generated by Cargo.
# It is not intended for manual editing.
[[package]]
name = "aoc"
version = "0.1.0"
dependencies = [
 "log",
 "num_enum",
]

[[package]]
name = "aoc11"
version = "0.1.0"
dependencies = [
 "aoc",
]

[[package]]
name = "cfg-if"
version = "0.1.10"
source = "registry+https://github.com/rust-lang/crates.io-index"
checksum = "4785bdd1c96b2a846b2bd7cc02e86b6b3dbf14e7e53446c4f54c92a361040822"

[[package]]
name = "derivative"
version = "2.1.0"
source = "registry+https://github.com/rust-lang/crates.io-index"
checksum = "1eae4d76b7cefedd1b4f8cc24378b2fbd1ac1b66e3bbebe8e2192d3be81cb355"
dependencies = [
 "proc-macro2",
 "quote",
 "syn",
]

[[package]]
name = "log"
version = "0.4.8"
source = "registry+https://github.com/rust-lang/crates.io-index"
checksum = "14b6052be84e6b71ab17edffc2eeabf5c2c3ae1fdb464aae35ac50c67a44e1f7"
dependencies = [
 "cfg-if",
]

[[package]]
name = "num_enum"
version = "0.4.3"
source = "registry+https://github.com/rust-lang/crates.io-index"
checksum = "ca565a7df06f3d4b485494f25ba05da1435950f4dc263440eda7a6fa9b8e36e4"
dependencies = [
 "derivative",
 "num_enum_derive",
]

[[package]]
name = "num_enum_derive"
version = "0.4.3"
source = "registry+https://github.com/rust-lang/crates.io-index"
checksum = "ffa5a33ddddfee04c0283a7653987d634e880347e96b5b2ed64de07efb59db9d"
dependencies = [
 "proc-macro-crate",
 "proc-macro2",
 "quote",
 "syn",
]

[[package]]
name = "proc-macro-crate"
version = "0.1.4"
source = "registry+https://github.com/rust-lang/crates.io-index"
checksum = "e10d4b51f154c8a7fb96fd6dad097cb74b863943ec010ac94b9fd1be8861fe1e"
dependencies = [
 "toml",
]

[[package]]
name = "proc-macro2"
version = "1.0.9"
source = "registry+https://github.com/rust-lang/crates.io-index"
checksum = "6c09721c6781493a2a492a96b5a5bf19b65917fe6728884e7c44dd0c60ca3435"
dependencies = [
 "unicode-xid",
]

[[package]]
name = "quote"
version = "1.0.3"
source = "registry+https://github.com/rust-lang/crates.io-index"
checksum = "2bdc6c187c65bca4260c9011c9e3132efe4909da44726bad24cf7572ae338d7f"
dependencies = [
 "proc-macro2",
]

[[package]]
name = "serde"
version = "1.0.105"
source = "registry+https://github.com/rust-lang/crates.io-index"
checksum = "e707fbbf255b8fc8c3b99abb91e7257a622caeb20a9818cbadbeeede4e0932ff"

[[package]]
name = "syn"
version = "1.0.17"
source = "registry+https://github.com/rust-lang/crates.io-index"
checksum = "0df0eb663f387145cab623dea85b09c2c5b4b0aef44e945d928e682fce71bb03"
dependencies = [
 "proc-macro2",
 "quote",
 "unicode-xid",
]

[[package]]
name = "toml"
version = "0.5.6"
source = "registry+https://github.com/rust-lang/crates.io-index"
checksum = "ffc92d160b1eef40665be3a05630d003936a3bc7da7421277846c2613e92c71a"
dependencies = [
 "serde",
]

[[package]]
name = "unicode-xid"
version = "0.2.0"
source = "registry+https://github.com/rust-lang/crates.io-index"
checksum = "826e7639553986605ec5979c7dd957c7895e93eabed50ab2ffa7f6128a75097c"
